
Microsoft Visual Studio Solution File, Format Version 12.00
# Visual Studio 15
VisualStudioVersion = 15.0.28307.1778
MinimumVisualStudioVersion = 10.0.40219.1
Project("{FAE04EC0-301F-11D3-BF4B-00C04F79EFBC}") = "NocSim", "NocSim\NocSim.csproj", "{0C8511B9-D31E-4A7F-A3FA-311A2914D090}"
EndProject
Global
	GlobalSection(SolutionConfigurationPlatforms) = preSolution
		Debug|Any CPU = Debug|Any CPU
		Release|Any CPU = Release|Any CPU
	EndGlobalSection
	GlobalSection(ProjectConfigurationPlatforms) = postSolution
		{0C8511B9-D31E-4A7F-A3FA-311A2914D090}.Debug|Any CPU.ActiveCfg = Debug|Any CPU
		{0C8511B9-D31E-4A7F-A3FA-311A2914D090}.Debug|Any CPU.Build.0 = Debug|Any CPU
		{0C8511B9-D31E-4A7F-A3FA-311A2914D090}.Release|Any CPU.ActiveCfg = Release|Any CPU
		{0C8511B9-D31E-4A7F-A3FA-311A2914D090}.Release|Any CPU.Build.0 = Release|Any CPU
	EndGlobalSection
	GlobalSection(SolutionProperties) = preSolution
		HideSolutionNode = FALSE
	EndGlobalSection
	GlobalSection(ExtensibilityGlobals) = postSolution
		SolutionGuid = {15A40A34-5AC8-41A3-9450-DDC9AF0267C6}
	EndGlobalSection
EndGlobal
